// !$*UTF8*$!
{
	archiveVersion = 1;
	classes = {
	};
	objectVersion = 77;
	objects = {

/* Begin PBXBuildFile section */
		06827E4DC455BFC6E813546C /* AppSettings.swift in Sources */ = {isa = PBXBuildFile; fileRef = 7397962895F5E10FA468EEE4 /* AppSettings.swift */; };
		07DE5D692801CF9DDAE44066 /* WorkoutSummarySheet.swift in Sources */ = {isa = PBXBuildFile; fileRef = 541D7AA00FE2D117CCC9B646 /* WorkoutSummarySheet.swift */; };
		0B9DBF282418119EE63A51C7 /* UIKit.framework in Frameworks */ = {isa = PBXBuildFile; fileRef = 82CD853D6951FBC6A3E3E4A2 /* UIKit.framework */; };
		0DF5C17016783A49C5B2238F /* CalendarSyncRecord.swift in Sources */ = {isa = PBXBuildFile; fileRef = F2F9FE7E29C7F5C88C9147CE /* CalendarSyncRecord.swift */; };
		0F5C893CB488C5B33F8F8A6D /* HapticClient.swift in Sources */ = {isa = PBXBuildFile; fileRef = BF2F17A1BD81D65BF0CE1E11 /* HapticClient.swift */; };
		10469C097BE98E8EB1B9089B /* EmptyStateCard.swift in Sources */ = {isa = PBXBuildFile; fileRef = F07445266BE3F5A3884928C2 /* EmptyStateCard.swift */; };
		13D5FD0729A81B0E59F19F9F /* JournalView.swift in Sources */ = {isa = PBXBuildFile; fileRef = B512305856A392DC663D5CDF /* JournalView.swift */; };
		155F742399EB33982D269588 /* PlannedWorkout.swift in Sources */ = {isa = PBXBuildFile; fileRef = D620BD85D8AB6F2E21A6526A /* PlannedWorkout.swift */; };
		170D1E9421253CB9E0999109 /* HealthKit.framework in Frameworks */ = {isa = PBXBuildFile; fileRef = 296D6CE987ABC642AA287C30 /* HealthKit.framework */; };
		1F83C2467ED25200DF0B3D98 /* WorkoutTemplate.swift in Sources */ = {isa = PBXBuildFile; fileRef = D1C86064982C13DA365A767D /* WorkoutTemplate.swift */; };
		20C9F4BAD6784BCE70A579AC /* PlanView.swift in Sources */ = {isa = PBXBuildFile; fileRef = 9696608E41BC581123870B58 /* PlanView.swift */; };
		3867368430AE3B83F8D00048 /* MealEntry.swift in Sources */ = {isa = PBXBuildFile; fileRef = 365D66E9222951A800957532 /* MealEntry.swift */; };
		39EA98D6A8BC764D65BC0E04 /* PreviewContainer.swift in Sources */ = {isa = PBXBuildFile; fileRef = ACA3AAE061F52DA6B1DEFF1E /* PreviewContainer.swift */; };
		3B66F43B002D1D3A8DF1A98D /* LiftJournalApp.swift in Sources */ = {isa = PBXBuildFile; fileRef = 90A84AAD77248AAEFBA06657 /* LiftJournalApp.swift */; };
		471350D186277D08F4E137F0 /* TodayView.swift in Sources */ = {isa = PBXBuildFile; fileRef = 5920BE4977EAEE11DC79C7DB /* TodayView.swift */; };
		5941C9C45A15B8ADDB0BA0B8 /* AppTheme.swift in Sources */ = {isa = PBXBuildFile; fileRef = D49978FAFE62C5A932637D04 /* AppTheme.swift */; };
		5E804762D22F03E070D848D0 /* TemplateSnapshot.swift in Sources */ = {isa = PBXBuildFile; fileRef = D8CACA1968670AA8918DC7BF /* TemplateSnapshot.swift */; };
		5FD79EADA013C1D9F1CC08CF /* CalendarEventBuilderTests.swift in Sources */ = {isa = PBXBuildFile; fileRef = 176C1225581391781F68A438 /* CalendarEventBuilderTests.swift */; };
		615C919B7BA857AF94CAEFB6 /* ScheduleWorkoutSheet.swift in Sources */ = {isa = PBXBuildFile; fileRef = E032AC078CF5787F2403A37D /* ScheduleWorkoutSheet.swift */; };
		684669180FA364F5D8D8ACB0 /* CalendarService.swift in Sources */ = {isa = PBXBuildFile; fileRef = 7299C5639FE244B0DA832D1F /* CalendarService.swift */; };
		7338D69DBD7B73D29C4762F7 /* ICSExporterTests.swift in Sources */ = {isa = PBXBuildFile; fileRef = CACF161F7D4577877D8BF467 /* ICSExporterTests.swift */; };
		7C37F07FDFFEC143913983EF /* WorkoutDraftFactoryTests.swift in Sources */ = {isa = PBXBuildFile; fileRef = 5E1297D4E55A59225C04CA95 /* WorkoutDraftFactoryTests.swift */; };
		7D06234C790E576524DB443A /* MealEditorSheet.swift in Sources */ = {isa = PBXBuildFile; fileRef = 41FFF9BA2AC0DBD14612ADA1 /* MealEditorSheet.swift */; };
		8B4EB9B92E10034ED4DFD477 /* WorkoutSessionViewModel.swift in Sources */ = {isa = PBXBuildFile; fileRef = B32D331A2ACD803B7D7763DA /* WorkoutSessionViewModel.swift */; };
		8CBB7B3B5AB5F3D0174522EB /* Assets.xcassets in Resources */ = {isa = PBXBuildFile; fileRef = F86BD33E777E904D47B7E993 /* Assets.xcassets */; };
		90055D0A9EE5DBD3C6B5EED9 /* HealthKitService.swift in Sources */ = {isa = PBXBuildFile; fileRef = BE5099F1921E68E29054E0A5 /* HealthKitService.swift */; };
		B200874D2FD6A01E5A2F55EE /* JournalFilterTests.swift in Sources */ = {isa = PBXBuildFile; fileRef = E4C073EC083C4B15E15C907F /* JournalFilterTests.swift */; };
		B8BFC1D793D6D826D27E0BD2 /* MoodCheckIn.swift in Sources */ = {isa = PBXBuildFile; fileRef = 4CA704643D91FF726BFEA325 /* MoodCheckIn.swift */; };
		C293B916A405B43FD139653F /* JournalFilter.swift in Sources */ = {isa = PBXBuildFile; fileRef = CA34A620FA57FF9C8017D3DE /* JournalFilter.swift */; };
		C3C41347FAE1557EC3FB57B5 /* RootTabView.swift in Sources */ = {isa = PBXBuildFile; fileRef = 1A0E84E268F0C5B137BB632E /* RootTabView.swift */; };
		CB1F66B2C4BDDEA62F5D0CE9 /* SeedDataService.swift in Sources */ = {isa = PBXBuildFile; fileRef = E4FF7BEA7C3032A02F5EC51C /* SeedDataService.swift */; };
		D2F923111F9467E08DACF8C1 /* ICSExporter.swift in Sources */ = {isa = PBXBuildFile; fileRef = 06B65178600FBC51FBC81DAB /* ICSExporter.swift */; };
		D70B2AE5D39D13C07AD6C058 /* JournalFilterSheet.swift in Sources */ = {isa = PBXBuildFile; fileRef = BC2CCC92AB0B1F7A0916F000 /* JournalFilterSheet.swift */; };
		DB34F217D13D96AFAC4C6BA6 /* CalendarEventBuilder.swift in Sources */ = {isa = PBXBuildFile; fileRef = 587D12F626FF26824CCBE35A /* CalendarEventBuilder.swift */; };
		DE06E26050B8480BBC8E57E6 /* EventKit.framework in Frameworks */ = {isa = PBXBuildFile; fileRef = C4E09C980C9C54B3BA42B75B /* EventKit.framework */; };
		E03BCB246C3314696F6F4045 /* ShareSheet.swift in Sources */ = {isa = PBXBuildFile; fileRef = 1CE891F79553F04227D23B02 /* ShareSheet.swift */; };
		E2F2DC7EFC74E5C90ABADFD3 /* AppModel.swift in Sources */ = {isa = PBXBuildFile; fileRef = D5DEF19AEDBC4EB04F636ADC /* AppModel.swift */; };
		E437C64A36525B279DB18245 /* TemplateEditorView.swift in Sources */ = {isa = PBXBuildFile; fileRef = 4FEB0E83B774F96D31536F2B /* TemplateEditorView.swift */; };
		E666ACAC368AC7D380CB31EC /* OnboardingView.swift in Sources */ = {isa = PBXBuildFile; fileRef = 1AFAD96680B088991B2863E4 /* OnboardingView.swift */; };
		ED3FC086C8A4D4BD1AB79AE1 /* WorkoutSessionView.swift in Sources */ = {isa = PBXBuildFile; fileRef = D2EC2EF30EB0AD3B7ECCC242 /* WorkoutSessionView.swift */; };
		F22D1B910C5996B3FEBCFD94 /* SettingsView.swift in Sources */ = {isa = PBXBuildFile; fileRef = 099C29CD7B1253104844F978 /* SettingsView.swift */; };
		F43EEBE7FF1A7459D3B68E89 /* WorkoutDrafts.swift in Sources */ = {isa = PBXBuildFile; fileRef = D0015D8AA1DF89E69D124266 /* WorkoutDrafts.swift */; };
		FEBD08A573D4CB958F09A05F /* LoggedWorkout.swift in Sources */ = {isa = PBXBuildFile; fileRef = 817784E03F54D58C7D53D026 /* LoggedWorkout.swift */; };
/* End PBXBuildFile section */

/* Begin PBXContainerItemProxy section */
		F386FCF0B346EF496F023C7B /* PBXContainerItemProxy */ = {
			isa = PBXContainerItemProxy;
			containerPortal = 755031BCFD275DC2C2E1F6CE /* Project object */;
			proxyType = 1;
			remoteGlobalIDString = DEB4BA0C0B8783DF5D940B59;
			remoteInfo = LiftJournal;
		};
/* End PBXContainerItemProxy section */

/* Begin PBXFileReference section */
		06B65178600FBC51FBC81DAB /* ICSExporter.swift */ = {isa = PBXFileReference; lastKnownFileType = sourcecode.swift; path = ICSExporter.swift; sourceTree = "<group>"; };
		099C29CD7B1253104844F978 /* SettingsView.swift */ = {isa = PBXFileReference; lastKnownFileType = sourcecode.swift; path = SettingsView.swift; sourceTree = "<group>"; };
		176C1225581391781F68A438 /* CalendarEventBuilderTests.swift */ = {isa = PBXFileReference; lastKnownFileType = sourcecode.swift; path = CalendarEventBuilderTests.swift; sourceTree = "<group>"; };
		1A0E84E268F0C5B137BB632E /* RootTabView.swift */ = {isa = PBXFileReference; lastKnownFileType = sourcecode.swift; path = RootTabView.swift; sourceTree = "<group>"; };
		1AFAD96680B088991B2863E4 /* OnboardingView.swift */ = {isa = PBXFileReference; lastKnownFileType = sourcecode.swift; path = OnboardingView.swift; sourceTree = "<group>"; };
		1CE891F79553F04227D23B02 /* ShareSheet.swift */ = {isa = PBXFileReference; lastKnownFileType = sourcecode.swift; path = ShareSheet.swift; sourceTree = "<group>"; };
		28374E26198E6E38CCEE62E0 /* LiftJournal.app */ = {isa = PBXFileReference; includeInIndex = 0; lastKnownFileType = wrapper.application; path = LiftJournal.app; sourceTree = BUILT_PRODUCTS_DIR; };
		296D6CE987ABC642AA287C30 /* HealthKit.framework */ = {isa = PBXFileReference; lastKnownFileType = wrapper.framework; name = HealthKit.framework; path = System/Library/Frameworks/HealthKit.framework; sourceTree = SDKROOT; };
		365D66E9222951A800957532 /* MealEntry.swift */ = {isa = PBXFileReference; lastKnownFileType = sourcecode.swift; path = MealEntry.swift; sourceTree = "<group>"; };
		41FFF9BA2AC0DBD14612ADA1 /* MealEditorSheet.swift */ = {isa = PBXFileReference; lastKnownFileType = sourcecode.swift; path = MealEditorSheet.swift; sourceTree = "<group>"; };
		4CA704643D91FF726BFEA325 /* MoodCheckIn.swift */ = {isa = PBXFileReference; lastKnownFileType = sourcecode.swift; path = MoodCheckIn.swift; sourceTree = "<group>"; };
		4FEB0E83B774F96D31536F2B /* TemplateEditorView.swift */ = {isa = PBXFileReference; lastKnownFileType = sourcecode.swift; path = TemplateEditorView.swift; sourceTree = "<group>"; };
		541D7AA00FE2D117CCC9B646 /* WorkoutSummarySheet.swift */ = {isa = PBXFileReference; lastKnownFileType = sourcecode.swift; path = WorkoutSummarySheet.swift; sourceTree = "<group>"; };
		587D12F626FF26824CCBE35A /* CalendarEventBuilder.swift */ = {isa = PBXFileReference; lastKnownFileType = sourcecode.swift; path = CalendarEventBuilder.swift; sourceTree = "<group>"; };
		5920BE4977EAEE11DC79C7DB /* TodayView.swift */ = {isa = PBXFileReference; lastKnownFileType = sourcecode.swift; path = TodayView.swift; sourceTree = "<group>"; };
		5E1297D4E55A59225C04CA95 /* WorkoutDraftFactoryTests.swift */ = {isa = PBXFileReference; lastKnownFileType = sourcecode.swift; path = WorkoutDraftFactoryTests.swift; sourceTree = "<group>"; };
		7299C5639FE244B0DA832D1F /* CalendarService.swift */ = {isa = PBXFileReference; lastKnownFileType = sourcecode.swift; path = CalendarService.swift; sourceTree = "<group>"; };
		7397962895F5E10FA468EEE4 /* AppSettings.swift */ = {isa = PBXFileReference; lastKnownFileType = sourcecode.swift; path = AppSettings.swift; sourceTree = "<group>"; };
		817784E03F54D58C7D53D026 /* LoggedWorkout.swift */ = {isa = PBXFileReference; lastKnownFileType = sourcecode.swift; path = LoggedWorkout.swift; sourceTree = "<group>"; };
		82CD853D6951FBC6A3E3E4A2 /* UIKit.framework */ = {isa = PBXFileReference; lastKnownFileType = wrapper.framework; name = UIKit.framework; path = System/Library/Frameworks/UIKit.framework; sourceTree = SDKROOT; };
		90A84AAD77248AAEFBA06657 /* LiftJournalApp.swift */ = {isa = PBXFileReference; lastKnownFileType = sourcecode.swift; path = LiftJournalApp.swift; sourceTree = "<group>"; };
		9696608E41BC581123870B58 /* PlanView.swift */ = {isa = PBXFileReference; lastKnownFileType = sourcecode.swift; path = PlanView.swift; sourceTree = "<group>"; };
		9E67DC213F087D7113B681AF /* LiftJournalTests.xctest */ = {isa = PBXFileReference; includeInIndex = 0; lastKnownFileType = wrapper.cfbundle; path = LiftJournalTests.xctest; sourceTree = BUILT_PRODUCTS_DIR; };
		ACA3AAE061F52DA6B1DEFF1E /* PreviewContainer.swift */ = {isa = PBXFileReference; lastKnownFileType = sourcecode.swift; path = PreviewContainer.swift; sourceTree = "<group>"; };
		B32D331A2ACD803B7D7763DA /* WorkoutSessionViewModel.swift */ = {isa = PBXFileReference; lastKnownFileType = sourcecode.swift; path = WorkoutSessionViewModel.swift; sourceTree = "<group>"; };
		B512305856A392DC663D5CDF /* JournalView.swift */ = {isa = PBXFileReference; lastKnownFileType = sourcecode.swift; path = JournalView.swift; sourceTree = "<group>"; };
		BC2CCC92AB0B1F7A0916F000 /* JournalFilterSheet.swift */ = {isa = PBXFileReference; lastKnownFileType = sourcecode.swift; path = JournalFilterSheet.swift; sourceTree = "<group>"; };
		BE5099F1921E68E29054E0A5 /* HealthKitService.swift */ = {isa = PBXFileReference; lastKnownFileType = sourcecode.swift; path = HealthKitService.swift; sourceTree = "<group>"; };
		BF2F17A1BD81D65BF0CE1E11 /* HapticClient.swift */ = {isa = PBXFileReference; lastKnownFileType = sourcecode.swift; path = HapticClient.swift; sourceTree = "<group>"; };
		C4E09C980C9C54B3BA42B75B /* EventKit.framework */ = {isa = PBXFileReference; lastKnownFileType = wrapper.framework; name = EventKit.framework; path = System/Library/Frameworks/EventKit.framework; sourceTree = SDKROOT; };
		CA34A620FA57FF9C8017D3DE /* JournalFilter.swift */ = {isa = PBXFileReference; lastKnownFileType = sourcecode.swift; path = JournalFilter.swift; sourceTree = "<group>"; };
		CACF161F7D4577877D8BF467 /* ICSExporterTests.swift */ = {isa = PBXFileReference; lastKnownFileType = sourcecode.swift; path = ICSExporterTests.swift; sourceTree = "<group>"; };
		D0015D8AA1DF89E69D124266 /* WorkoutDrafts.swift */ = {isa = PBXFileReference; lastKnownFileType = sourcecode.swift; path = WorkoutDrafts.swift; sourceTree = "<group>"; };
		D1C86064982C13DA365A767D /* WorkoutTemplate.swift */ = {isa = PBXFileReference; lastKnownFileType = sourcecode.swift; path = WorkoutTemplate.swift; sourceTree = "<group>"; };
		D2EC2EF30EB0AD3B7ECCC242 /* WorkoutSessionView.swift */ = {isa = PBXFileReference; lastKnownFileType = sourcecode.swift; path = WorkoutSessionView.swift; sourceTree = "<group>"; };
		D49978FAFE62C5A932637D04 /* AppTheme.swift */ = {isa = PBXFileReference; lastKnownFileType = sourcecode.swift; path = AppTheme.swift; sourceTree = "<group>"; };
		D5DEF19AEDBC4EB04F636ADC /* AppModel.swift */ = {isa = PBXFileReference; lastKnownFileType = sourcecode.swift; path = AppModel.swift; sourceTree = "<group>"; };
		D620BD85D8AB6F2E21A6526A /* PlannedWorkout.swift */ = {isa = PBXFileReference; lastKnownFileType = sourcecode.swift; path = PlannedWorkout.swift; sourceTree = "<group>"; };
		D8CACA1968670AA8918DC7BF /* TemplateSnapshot.swift */ = {isa = PBXFileReference; lastKnownFileType = sourcecode.swift; path = TemplateSnapshot.swift; sourceTree = "<group>"; };
		E032AC078CF5787F2403A37D /* ScheduleWorkoutSheet.swift */ = {isa = PBXFileReference; lastKnownFileType = sourcecode.swift; path = ScheduleWorkoutSheet.swift; sourceTree = "<group>"; };
		E4C073EC083C4B15E15C907F /* JournalFilterTests.swift */ = {isa = PBXFileReference; lastKnownFileType = sourcecode.swift; path = JournalFilterTests.swift; sourceTree = "<group>"; };
		E4FF7BEA7C3032A02F5EC51C /* SeedDataService.swift */ = {isa = PBXFileReference; lastKnownFileType = sourcecode.swift; path = SeedDataService.swift; sourceTree = "<group>"; };
		F07445266BE3F5A3884928C2 /* EmptyStateCard.swift */ = {isa = PBXFileReference; lastKnownFileType = sourcecode.swift; path = EmptyStateCard.swift; sourceTree = "<group>"; };
		F2F9FE7E29C7F5C88C9147CE /* CalendarSyncRecord.swift */ = {isa = PBXFileReference; lastKnownFileType = sourcecode.swift; path = CalendarSyncRecord.swift; sourceTree = "<group>"; };
		F86BD33E777E904D47B7E993 /* Assets.xcassets */ = {isa = PBXFileReference; lastKnownFileType = folder.assetcatalog; path = Assets.xcassets; sourceTree = "<group>"; };
/* End PBXFileReference section */

/* Begin PBXFrameworksBuildPhase section */
		EB74BAFA0880084665423AC5 /* Frameworks */ = {
			isa = PBXFrameworksBuildPhase;
			buildActionMask = 2147483647;
			files = (
				DE06E26050B8480BBC8E57E6 /* EventKit.framework in Frameworks */,
				170D1E9421253CB9E0999109 /* HealthKit.framework in Frameworks */,
				0B9DBF282418119EE63A51C7 /* UIKit.framework in Frameworks */,
			);
			runOnlyForDeploymentPostprocessing = 0;
		};
/* End PBXFrameworksBuildPhase section */

/* Begin PBXGroup section */
		00308EF5278D5152FFC43AC1 = {
			isa = PBXGroup;
			children = (
				2C6D62FA3F42406A81789DD0 /* LiftJournal */,
				C699AE0291EAF64CA0C6B629 /* LiftJournalTests */,
				D6F0670F5537211AFB50EA52 /* Frameworks */,
				C8A6516782C9F0DF8CD12CE3 /* Products */,
			);
			sourceTree = "<group>";
		};
		163B39041EF36F1317645C52 /* Features */ = {
			isa = PBXGroup;
			children = (
				FBE2237E3FB0F2FFAAA89882 /* Journal */,
				BCA2C9658F881AF5DBD70BF4 /* Logging */,
				EB9743BF7CA4C4FB732891D0 /* Onboarding */,
				45F3BC416EDEB9E1097C6946 /* Plan */,
				A15541B69AC49793C0AE72D5 /* Settings */,
				E9E2AF9EBC7D6EB565437EED /* Today */,
			);
			path = Features;
			sourceTree = "<group>";
		};
		1949D740A6613C3C38D784FF /* App */ = {
			isa = PBXGroup;
			children = (
				D5DEF19AEDBC4EB04F636ADC /* AppModel.swift */,
				D49978FAFE62C5A932637D04 /* AppTheme.swift */,
				90A84AAD77248AAEFBA06657 /* LiftJournalApp.swift */,
				1A0E84E268F0C5B137BB632E /* RootTabView.swift */,
			);
			path = App;
			sourceTree = "<group>";
		};
		1C838F71714E7E006A0D31F0 /* Calendar */ = {
			isa = PBXGroup;
			children = (
				587D12F626FF26824CCBE35A /* CalendarEventBuilder.swift */,
				7299C5639FE244B0DA832D1F /* CalendarService.swift */,
				06B65178600FBC51FBC81DAB /* ICSExporter.swift */,
			);
			path = Calendar;
			sourceTree = "<group>";
		};
		209DCE4DECA2666AD6307CBB /* Preview */ = {
			isa = PBXGroup;
			children = (
				ACA3AAE061F52DA6B1DEFF1E /* PreviewContainer.swift */,
			);
			path = Preview;
			sourceTree = "<group>";
		};
		2C6D62FA3F42406A81789DD0 /* LiftJournal */ = {
			isa = PBXGroup;
			children = (
				1949D740A6613C3C38D784FF /* App */,
				EC944C65CA09F8B3E98BAEEE /* Components */,
				163B39041EF36F1317645C52 /* Features */,
				E9737D0C54D92AA01B995D1B /* Models */,
				209DCE4DECA2666AD6307CBB /* Preview */,
				DBF305DAC37B495A1B3F8FEB /* Resources */,
				AC2D44C8AF7178158F91C174 /* Services */,
			);
			path = LiftJournal;
			sourceTree = "<group>";
		};
		31F919F4AD64092E3754F607 /* Health */ = {
			isa = PBXGroup;
			children = (
				BE5099F1921E68E29054E0A5 /* HealthKitService.swift */,
			);
			path = Health;
			sourceTree = "<group>";
		};
		4234DECC87FE3E22A716EBED /* Data */ = {
			isa = PBXGroup;
			children = (
				E4FF7BEA7C3032A02F5EC51C /* SeedDataService.swift */,
			);
			path = Data;
			sourceTree = "<group>";
		};
		45F3BC416EDEB9E1097C6946 /* Plan */ = {
			isa = PBXGroup;
			children = (
				9696608E41BC581123870B58 /* PlanView.swift */,
				E032AC078CF5787F2403A37D /* ScheduleWorkoutSheet.swift */,
				4FEB0E83B774F96D31536F2B /* TemplateEditorView.swift */,
			);
			path = Plan;
			sourceTree = "<group>";
		};
		A15541B69AC49793C0AE72D5 /* Settings */ = {
			isa = PBXGroup;
			children = (
				099C29CD7B1253104844F978 /* SettingsView.swift */,
			);
			path = Settings;
			sourceTree = "<group>";
		};
		AC2D44C8AF7178158F91C174 /* Services */ = {
			isa = PBXGroup;
			children = (
				1C838F71714E7E006A0D31F0 /* Calendar */,
				4234DECC87FE3E22A716EBED /* Data */,
				31F919F4AD64092E3754F607 /* Health */,
				AF57EB79446DB018AFFC9ED0 /* System */,
			);
			path = Services;
			sourceTree = "<group>";
		};
		AF57EB79446DB018AFFC9ED0 /* System */ = {
			isa = PBXGroup;
			children = (
				BF2F17A1BD81D65BF0CE1E11 /* HapticClient.swift */,
			);
			path = System;
			sourceTree = "<group>";
		};
		BCA2C9658F881AF5DBD70BF4 /* Logging */ = {
			isa = PBXGroup;
			children = (
				D2EC2EF30EB0AD3B7ECCC242 /* WorkoutSessionView.swift */,
				B32D331A2ACD803B7D7763DA /* WorkoutSessionViewModel.swift */,
				541D7AA00FE2D117CCC9B646 /* WorkoutSummarySheet.swift */,
			);
			path = Logging;
			sourceTree = "<group>";
		};
		C699AE0291EAF64CA0C6B629 /* LiftJournalTests */ = {
			isa = PBXGroup;
			children = (
				176C1225581391781F68A438 /* CalendarEventBuilderTests.swift */,
				CACF161F7D4577877D8BF467 /* ICSExporterTests.swift */,
				E4C073EC083C4B15E15C907F /* JournalFilterTests.swift */,
				5E1297D4E55A59225C04CA95 /* WorkoutDraftFactoryTests.swift */,
			);
			path = LiftJournalTests;
			sourceTree = "<group>";
		};
		C8A6516782C9F0DF8CD12CE3 /* Products */ = {
			isa = PBXGroup;
			children = (
				28374E26198E6E38CCEE62E0 /* LiftJournal.app */,
				9E67DC213F087D7113B681AF /* LiftJournalTests.xctest */,
			);
			name = Products;
			sourceTree = "<group>";
		};
		D6F0670F5537211AFB50EA52 /* Frameworks */ = {
			isa = PBXGroup;
			children = (
				C4E09C980C9C54B3BA42B75B /* EventKit.framework */,
				296D6CE987ABC642AA287C30 /* HealthKit.framework */,
				82CD853D6951FBC6A3E3E4A2 /* UIKit.framework */,
			);
			name = Frameworks;
			sourceTree = "<group>";
		};
		DBF305DAC37B495A1B3F8FEB /* Resources */ = {
			isa = PBXGroup;
			children = (
				F86BD33E777E904D47B7E993 /* Assets.xcassets */,
			);
			path = Resources;
			sourceTree = "<group>";
		};
		E9737D0C54D92AA01B995D1B /* Models */ = {
			isa = PBXGroup;
			children = (
				7397962895F5E10FA468EEE4 /* AppSettings.swift */,
				F2F9FE7E29C7F5C88C9147CE /* CalendarSyncRecord.swift */,
				817784E03F54D58C7D53D026 /* LoggedWorkout.swift */,
				365D66E9222951A800957532 /* MealEntry.swift */,
				4CA704643D91FF726BFEA325 /* MoodCheckIn.swift */,
				D620BD85D8AB6F2E21A6526A /* PlannedWorkout.swift */,
				D1C86064982C13DA365A767D /* WorkoutTemplate.swift */,
				F76C09A81859D45B70FBB0BD /* Supporting */,
			);
			path = Models;
			sourceTree = "<group>";
		};
		E9E2AF9EBC7D6EB565437EED /* Today */ = {
			isa = PBXGroup;
			children = (
				5920BE4977EAEE11DC79C7DB /* TodayView.swift */,
			);
			path = Today;
			sourceTree = "<group>";
		};
		EB9743BF7CA4C4FB732891D0 /* Onboarding */ = {
			isa = PBXGroup;
			children = (
				1AFAD96680B088991B2863E4 /* OnboardingView.swift */,
			);
			path = Onboarding;
			sourceTree = "<group>";
		};
		EC944C65CA09F8B3E98BAEEE /* Components */ = {
			isa = PBXGroup;
			children = (
				F07445266BE3F5A3884928C2 /* EmptyStateCard.swift */,
				1CE891F79553F04227D23B02 /* ShareSheet.swift */,
			);
			path = Components;
			sourceTree = "<group>";
		};
		F76C09A81859D45B70FBB0BD /* Supporting */ = {
			isa = PBXGroup;
			children = (
				CA34A620FA57FF9C8017D3DE /* JournalFilter.swift */,
				D8CACA1968670AA8918DC7BF /* TemplateSnapshot.swift */,
				D0015D8AA1DF89E69D124266 /* WorkoutDrafts.swift */,
			);
			path = Supporting;
			sourceTree = "<group>";
		};
		FBE2237E3FB0F2FFAAA89882 /* Journal */ = {
			isa = PBXGroup;
			children = (
				BC2CCC92AB0B1F7A0916F000 /* JournalFilterSheet.swift */,
				B512305856A392DC663D5CDF /* JournalView.swift */,
				41FFF9BA2AC0DBD14612ADA1 /* MealEditorSheet.swift */,
			);
			path = Journal;
			sourceTree = "<group>";
		};
/* End PBXGroup section */

/* Begin PBXNativeTarget section */
		DEB4BA0C0B8783DF5D940B59 /* LiftJournal */ = {
			isa = PBXNativeTarget;
			buildConfigurationList = C66584D790A4C211928884C4 /* Build configuration list for PBXNativeTarget "LiftJournal" */;
			buildPhases = (
				9761435D27A90018C3708F16 /* Sources */,
				F80B0E5A4FB65FEC5C254B4E /* Resources */,
				EB74BAFA0880084665423AC5 /* Frameworks */,
			);
			buildRules = (
			);
			dependencies = (
			);
			name = LiftJournal;
			packageProductDependencies = (
			);
			productName = LiftJournal;
			productReference = 28374E26198E6E38CCEE62E0 /* LiftJournal.app */;
			productType = "com.apple.product-type.application";
		};
		EB03BC0E8D66AD3DF42161B2 /* LiftJournalTests */ = {
			isa = PBXNativeTarget;
			buildConfigurationList = C6AEE2DE2591F6BD6A3ACE9E /* Build configuration list for PBXNativeTarget "LiftJournalTests" */;
			buildPhases = (
				3E401771438039F68857CEC5 /* Sources */,
			);
			buildRules = (
			);
			dependencies = (
				8B4C59F20FB684CD357E23C6 /* PBXTargetDependency */,
			);
			name = LiftJournalTests;
			packageProductDependencies = (
			);
			productName = LiftJournalTests;
			productReference = 9E67DC213F087D7113B681AF /* LiftJournalTests.xctest */;
			productType = "com.apple.product-type.bundle.unit-test";
		};
/* End PBXNativeTarget section */

/* Begin PBXProject section */
		755031BCFD275DC2C2E1F6CE /* Project object */ = {
			isa = PBXProject;
			attributes = {
				BuildIndependentTargetsInParallel = YES;
				LastUpgradeCheck = 1430;
			};
			buildConfigurationList = B6087A99EA8ABDB5B73D0504 /* Build configuration list for PBXProject "LiftJournal" */;
			compatibilityVersion = "Xcode 14.0";
			developmentRegion = en;
			hasScannedForEncodings = 0;
			knownRegions = (
				Base,
				en,
			);
			mainGroup = 00308EF5278D5152FFC43AC1;
			minimizedProjectReferenceProxies = 1;
			preferredProjectObjectVersion = 77;
			projectDirPath = "";
			projectRoot = "";
			targets = (
				DEB4BA0C0B8783DF5D940B59 /* LiftJournal */,
				EB03BC0E8D66AD3DF42161B2 /* LiftJournalTests */,
			);
		};
/* End PBXProject section */

/* Begin PBXResourcesBuildPhase section */
		F80B0E5A4FB65FEC5C254B4E /* Resources */ = {
			isa = PBXResourcesBuildPhase;
			buildActionMask = 2147483647;
			files = (
				8CBB7B3B5AB5F3D0174522EB /* Assets.xcassets in Resources */,
			);
			runOnlyForDeploymentPostprocessing = 0;
		};
/* End PBXResourcesBuildPhase section */

/* Begin PBXSourcesBuildPhase section */
		3E401771438039F68857CEC5 /* Sources */ = {
			isa = PBXSourcesBuildPhase;
			buildActionMask = 2147483647;
			files = (
				5FD79EADA013C1D9F1CC08CF /* CalendarEventBuilderTests.swift in Sources */,
				7338D69DBD7B73D29C4762F7 /* ICSExporterTests.swift in Sources */,
				B200874D2FD6A01E5A2F55EE /* JournalFilterTests.swift in Sources */,
				7C37F07FDFFEC143913983EF /* WorkoutDraftFactoryTests.swift in Sources */,
			);
			runOnlyForDeploymentPostprocessing = 0;
		};
		9761435D27A90018C3708F16 /* Sources */ = {
			isa = PBXSourcesBuildPhase;
			buildActionMask = 2147483647;
			files = (
				E2F2DC7EFC74E5C90ABADFD3 /* AppModel.swift in Sources */,
				06827E4DC455BFC6E813546C /* AppSettings.swift in Sources */,
				5941C9C45A15B8ADDB0BA0B8 /* AppTheme.swift in Sources */,
				DB34F217D13D96AFAC4C6BA6 /* CalendarEventBuilder.swift in Sources */,
				684669180FA364F5D8D8ACB0 /* CalendarService.swift in Sources */,
				0DF5C17016783A49C5B2238F /* CalendarSyncRecord.swift in Sources */,
				10469C097BE98E8EB1B9089B /* EmptyStateCard.swift in Sources */,
				0F5C893CB488C5B33F8F8A6D /* HapticClient.swift in Sources */,
				90055D0A9EE5DBD3C6B5EED9 /* HealthKitService.swift in Sources */,
				D2F923111F9467E08DACF8C1 /* ICSExporter.swift in Sources */,
				C293B916A405B43FD139653F /* JournalFilter.swift in Sources */,
				D70B2AE5D39D13C07AD6C058 /* JournalFilterSheet.swift in Sources */,
				13D5FD0729A81B0E59F19F9F /* JournalView.swift in Sources */,
				3B66F43B002D1D3A8DF1A98D /* LiftJournalApp.swift in Sources */,
				FEBD08A573D4CB958F09A05F /* LoggedWorkout.swift in Sources */,
				7D06234C790E576524DB443A /* MealEditorSheet.swift in Sources */,
				3867368430AE3B83F8D00048 /* MealEntry.swift in Sources */,
				B8BFC1D793D6D826D27E0BD2 /* MoodCheckIn.swift in Sources */,
				E666ACAC368AC7D380CB31EC /* OnboardingView.swift in Sources */,
				20C9F4BAD6784BCE70A579AC /* PlanView.swift in Sources */,
				155F742399EB33982D269588 /* PlannedWorkout.swift in Sources */,
				39EA98D6A8BC764D65BC0E04 /* PreviewContainer.swift in Sources */,
				C3C41347FAE1557EC3FB57B5 /* RootTabView.swift in Sources */,
				615C919B7BA857AF94CAEFB6 /* ScheduleWorkoutSheet.swift in Sources */,
				CB1F66B2C4BDDEA62F5D0CE9 /* SeedDataService.swift in Sources */,
				F22D1B910C5996B3FEBCFD94 /* SettingsView.swift in Sources */,
				E03BCB246C3314696F6F4045 /* ShareSheet.swift in Sources */,
				E437C64A36525B279DB18245 /* TemplateEditorView.swift in Sources */,
				5E804762D22F03E070D848D0 /* TemplateSnapshot.swift in Sources */,
				471350D186277D08F4E137F0 /* TodayView.swift in Sources */,
				F43EEBE7FF1A7459D3B68E89 /* WorkoutDrafts.swift in Sources */,
				ED3FC086C8A4D4BD1AB79AE1 /* WorkoutSessionView.swift in Sources */,
				8B4EB9B92E10034ED4DFD477 /* WorkoutSessionViewModel.swift in Sources */,
				07DE5D692801CF9DDAE44066 /* WorkoutSummarySheet.swift in Sources */,
				1F83C2467ED25200DF0B3D98 /* WorkoutTemplate.swift in Sources */,
			);
			runOnlyForDeploymentPostprocessing = 0;
		};
/* End PBXSourcesBuildPhase section */

/* Begin PBXTargetDependency section */
		8B4C59F20FB684CD357E23C6 /* PBXTargetDependency */ = {
			isa = PBXTargetDependency;
			target = DEB4BA0C0B8783DF5D940B59 /* LiftJournal */;
			targetProxy = F386FCF0B346EF496F023C7B /* PBXContainerItemProxy */;
		};
/* End PBXTargetDependency section */

/* Begin XCBuildConfiguration section */
		4592417176EBC0D2A2A9DB5C /* Debug */ = {
			isa = XCBuildConfiguration;
			buildSettings = {
				ASSETCATALOG_COMPILER_APPICON_NAME = AppIcon;
				ASSETCATALOG_COMPILER_GLOBAL_ACCENT_COLOR_NAME = AccentColor;
				CODE_SIGN_ENTITLEMENTS = LiftJournal/Resources/LiftJournal.entitlements;
				CODE_SIGN_IDENTITY = "iPhone Developer";
				CURRENT_PROJECT_VERSION = 1;
				ENABLE_USER_SCRIPT_SANDBOXING = NO;
				GENERATE_INFOPLIST_FILE = NO;
				INFOPLIST_FILE = LiftJournal/Resources/Info.plist;
				IPHONEOS_DEPLOYMENT_TARGET = 26.0;
				LD_RUNPATH_SEARCH_PATHS = (
					"$(inherited)",
					"@executable_path/Frameworks",
				);
				MARKETING_VERSION = 1.0;
				PRODUCT_BUNDLE_IDENTIFIER = com.codex.LiftJournal;
				PRODUCT_NAME = LiftJournal;
				SDKROOT = iphoneos;
				TARGETED_DEVICE_FAMILY = 1;
			};
			name = Debug;
		};
		4B6A0FD91F5CF9BB528FAC08 /* Debug */ = {
			isa = XCBuildConfiguration;
			buildSettings = {
				ALWAYS_SEARCH_USER_PATHS = NO;
				CLANG_ANALYZER_NONNULL = YES;
				CLANG_ANALYZER_NUMBER_OBJECT_CONVERSION = YES_AGGRESSIVE;
				CLANG_CXX_LANGUAGE_STANDARD = "gnu++14";
				CLANG_CXX_LIBRARY = "libc++";
				CLANG_ENABLE_MODULES = YES;
				CLANG_ENABLE_OBJC_ARC = YES;
				CLANG_ENABLE_OBJC_WEAK = YES;
				CLANG_WARN_BLOCK_CAPTURE_AUTORELEASING = YES;
				CLANG_WARN_BOOL_CONVERSION = YES;
				CLANG_WARN_COMMA = YES;
				CLANG_WARN_CONSTANT_CONVERSION = YES;
				CLANG_WARN_DEPRECATED_OBJC_IMPLEMENTATIONS = YES;
				CLANG_WARN_DIRECT_OBJC_ISA_USAGE = YES_ERROR;
				CLANG_WARN_DOCUMENTATION_COMMENTS = YES;
				CLANG_WARN_EMPTY_BODY = YES;
				CLANG_WARN_ENUM_CONVERSION = YES;
				CLANG_WARN_INFINITE_RECURSION = YES;
				CLANG_WARN_INT_CONVERSION = YES;
				CLANG_WARN_NON_LITERAL_NULL_CONVERSION = YES;
				CLANG_WARN_OBJC_IMPLICIT_RETAIN_SELF = YES;
				CLANG_WARN_OBJC_LITERAL_CONVERSION = YES;
				CLANG_WARN_OBJC_ROOT_CLASS = YES_ERROR;
				CLANG_WARN_QUOTED_INCLUDE_IN_FRAMEWORK_HEADER = YES;
				CLANG_WARN_RANGE_LOOP_ANALYSIS = YES;
				CLANG_WARN_STRICT_PROTOTYPES = YES;
				CLANG_WARN_SUSPICIOUS_MOVE = YES;
				CLANG_WARN_UNGUARDED_AVAILABILITY = YES_AGGRESSIVE;
				CLANG_WARN_UNREACHABLE_CODE = YES;
				CLANG_WARN__DUPLICATE_METHOD_MATCH = YES;
				COPY_PHASE_STRIP = NO;
				DEBUG_INFORMATION_FORMAT = dwarf;
				DEVELOPMENT_ASSET_PATHS = "\"LiftJournal/Preview\"";
				ENABLE_STRICT_OBJC_MSGSEND = YES;
				ENABLE_TESTABILITY = YES;
				GCC_C_LANGUAGE_STANDARD = gnu11;
				GCC_DYNAMIC_NO_PIC = NO;
				GCC_NO_COMMON_BLOCKS = YES;
				GCC_OPTIMIZATION_LEVEL = 0;
				GCC_PREPROCESSOR_DEFINITIONS = (
					"$(inherited)",
					"DEBUG=1",
				);
				GCC_WARN_64_TO_32_BIT_CONVERSION = YES;
				GCC_WARN_ABOUT_RETURN_TYPE = YES_ERROR;
				GCC_WARN_UNDECLARED_SELECTOR = YES;
				GCC_WARN_UNINITIALIZED_AUTOS = YES_AGGRESSIVE;
				GCC_WARN_UNUSED_FUNCTION = YES;
				GCC_WARN_UNUSED_VARIABLE = YES;
				MTL_ENABLE_DEBUG_INFO = INCLUDE_SOURCE;
				MTL_FAST_MATH = YES;
				ONLY_ACTIVE_ARCH = YES;
				PRODUCT_NAME = "$(TARGET_NAME)";
				SDKROOT = iphoneos;
				SUPPORTS_MACCATALYST = NO;
				SWIFT_ACTIVE_COMPILATION_CONDITIONS = DEBUG;
				SWIFT_OPTIMIZATION_LEVEL = "-Onone";
				SWIFT_VERSION = 6.0;
				TARGETED_DEVICE_FAMILY = 1;
			};
			name = Debug;
		};
		6BF309A94E2F8FD4ACE63A75 /* Release */ = {
			isa = XCBuildConfiguration;
			buildSettings = {
				ASSETCATALOG_COMPILER_APPICON_NAME = AppIcon;
				ASSETCATALOG_COMPILER_GLOBAL_ACCENT_COLOR_NAME = AccentColor;
				CODE_SIGN_ENTITLEMENTS = LiftJournal/Resources/LiftJournal.entitlements;
				CODE_SIGN_IDENTITY = "iPhone Developer";
				CURRENT_PROJECT_VERSION = 1;
				ENABLE_USER_SCRIPT_SANDBOXING = NO;
				GENERATE_INFOPLIST_FILE = NO;
				INFOPLIST_FILE = LiftJournal/Resources/Info.plist;
				IPHONEOS_DEPLOYMENT_TARGET = 26.0;
				LD_RUNPATH_SEARCH_PATHS = (
					"$(inherited)",
					"@executable_path/Frameworks",
				);
				MARKETING_VERSION = 1.0;
				PRODUCT_BUNDLE_IDENTIFIER = com.codex.LiftJournal;
				PRODUCT_NAME = LiftJournal;
				SDKROOT = iphoneos;
				TARGETED_DEVICE_FAMILY = 1;
			};
			name = Release;
		};
		8E2E662D0DFAA81251F3CDD0 /* Debug */ = {
			isa = XCBuildConfiguration;
			buildSettings = {
				BUNDLE_LOADER = "$(TEST_HOST)";
				GENERATE_INFOPLIST_FILE = YES;
				IPHONEOS_DEPLOYMENT_TARGET = 26.0;
				LD_RUNPATH_SEARCH_PATHS = (
					"$(inherited)",
					"@executable_path/Frameworks",
					"@loader_path/Frameworks",
				);
				PRODUCT_BUNDLE_IDENTIFIER = com.codex.LiftJournalTests;
				SDKROOT = iphoneos;
				TARGETED_DEVICE_FAMILY = 1;
				TEST_HOST = "$(BUILT_PRODUCTS_DIR)/LiftJournal.app/LiftJournal";
			};
			name = Debug;
		};
		9426EA2088A2DD5D3DE10E3C /* Release */ = {
			isa = XCBuildConfiguration;
			buildSettings = {
				BUNDLE_LOADER = "$(TEST_HOST)";
				GENERATE_INFOPLIST_FILE = YES;
				IPHONEOS_DEPLOYMENT_TARGET = 26.0;
				LD_RUNPATH_SEARCH_PATHS = (
					"$(inherited)",
					"@executable_path/Frameworks",
					"@loader_path/Frameworks",
				);
				PRODUCT_BUNDLE_IDENTIFIER = com.codex.LiftJournalTests;
				SDKROOT = iphoneos;
				TARGETED_DEVICE_FAMILY = 1;
				TEST_HOST = "$(BUILT_PRODUCTS_DIR)/LiftJournal.app/LiftJournal";
			};
			name = Release;
		};
		A1FF3DBD70A8BE8040F49FF0 /* Release */ = {
			isa = XCBuildConfiguration;
			buildSettings = {
				ALWAYS_SEARCH_USER_PATHS = NO;
				CLANG_ANALYZER_NONNULL = YES;
				CLANG_ANALYZER_NUMBER_OBJECT_CONVERSION = YES_AGGRESSIVE;
				CLANG_CXX_LANGUAGE_STANDARD = "gnu++14";
				CLANG_CXX_LIBRARY = "libc++";
				CLANG_ENABLE_MODULES = YES;
				CLANG_ENABLE_OBJC_ARC = YES;
				CLANG_ENABLE_OBJC_WEAK = YES;
				CLANG_WARN_BLOCK_CAPTURE_AUTORELEASING = YES;
				CLANG_WARN_BOOL_CONVERSION = YES;
				CLANG_WARN_COMMA = YES;
				CLANG_WARN_CONSTANT_CONVERSION = YES;
				CLANG_WARN_DEPRECATED_OBJC_IMPLEMENTATIONS = YES;
				CLANG_WARN_DIRECT_OBJC_ISA_USAGE = YES_ERROR;
				CLANG_WARN_DOCUMENTATION_COMMENTS = YES;
				CLANG_WARN_EMPTY_BODY = YES;
				CLANG_WARN_ENUM_CONVERSION = YES;
				CLANG_WARN_INFINITE_RECURSION = YES;
				CLANG_WARN_INT_CONVERSION = YES;
				CLANG_WARN_NON_LITERAL_NULL_CONVERSION = YES;
				CLANG_WARN_OBJC_IMPLICIT_RETAIN_SELF = YES;
				CLANG_WARN_OBJC_LITERAL_CONVERSION = YES;
				CLANG_WARN_OBJC_ROOT_CLASS = YES_ERROR;
				CLANG_WARN_QUOTED_INCLUDE_IN_FRAMEWORK_HEADER = YES;
				CLANG_WARN_RANGE_LOOP_ANALYSIS = YES;
				CLANG_WARN_STRICT_PROTOTYPES = YES;
				CLANG_WARN_SUSPICIOUS_MOVE = YES;
				CLANG_WARN_UNGUARDED_AVAILABILITY = YES_AGGRESSIVE;
				CLANG_WARN_UNREACHABLE_CODE = YES;
				CLANG_WARN__DUPLICATE_METHOD_MATCH = YES;
				COPY_PHASE_STRIP = NO;
				DEBUG_INFORMATION_FORMAT = "dwarf-with-dsym";
				DEVELOPMENT_ASSET_PATHS = "\"LiftJournal/Preview\"";
				ENABLE_NS_ASSERTIONS = NO;
				ENABLE_STRICT_OBJC_MSGSEND = YES;
				GCC_C_LANGUAGE_STANDARD = gnu11;
				GCC_NO_COMMON_BLOCKS = YES;
				GCC_WARN_64_TO_32_BIT_CONVERSION = YES;
				GCC_WARN_ABOUT_RETURN_TYPE = YES_ERROR;
				GCC_WARN_UNDECLARED_SELECTOR = YES;
				GCC_WARN_UNINITIALIZED_AUTOS = YES_AGGRESSIVE;
				GCC_WARN_UNUSED_FUNCTION = YES;
				GCC_WARN_UNUSED_VARIABLE = YES;
				MTL_ENABLE_DEBUG_INFO = NO;
				MTL_FAST_MATH = YES;
				PRODUCT_NAME = "$(TARGET_NAME)";
				SDKROOT = iphoneos;
				SUPPORTS_MACCATALYST = NO;
				SWIFT_COMPILATION_MODE = wholemodule;
				SWIFT_OPTIMIZATION_LEVEL = "-O";
				SWIFT_VERSION = 6.0;
				TARGETED_DEVICE_FAMILY = 1;
			};
			name = Release;
		};
/* End XCBuildConfiguration section */

/* Begin XCConfigurationList section */
		B6087A99EA8ABDB5B73D0504 /* Build configuration list for PBXProject "LiftJournal" */ = {
			isa = XCConfigurationList;
			buildConfigurations = (
				4B6A0FD91F5CF9BB528FAC08 /* Debug */,
				A1FF3DBD70A8BE8040F49FF0 /* Release */,
			);
			defaultConfigurationIsVisible = 0;
			defaultConfigurationName = Debug;
		};
		C66584D790A4C211928884C4 /* Build configuration list for PBXNativeTarget "LiftJournal" */ = {
			isa = XCConfigurationList;
			buildConfigurations = (
				4592417176EBC0D2A2A9DB5C /* Debug */,
				6BF309A94E2F8FD4ACE63A75 /* Release */,
			);
			defaultConfigurationIsVisible = 0;
			defaultConfigurationName = Debug;
		};
		C6AEE2DE2591F6BD6A3ACE9E /* Build configuration list for PBXNativeTarget "LiftJournalTests" */ = {
			isa = XCConfigurationList;
			buildConfigurations = (
				8E2E662D0DFAA81251F3CDD0 /* Debug */,
				9426EA2088A2DD5D3DE10E3C /* Release */,
			);
			defaultConfigurationIsVisible = 0;
			defaultConfigurationName = Debug;
		};
/* End XCConfigurationList section */
	};
	rootObject = 755031BCFD275DC2C2E1F6CE /* Project object */;
}
